
Microsoft Visual Studio Solution File, Format Version 12.00
# Visual Studio Version 17
VisualStudioVersion = 17.11.35327.3
MinimumVisualStudioVersion = 10.0.40219.1
Project("{9A19103F-16F7-4668-BE54-9A1E7A4F7556}") = "Project33-ASP.NETMVC", "Project33-ASP.NETMVC\Project33-ASP.NETMVC.csproj", "{14D2D164-2CFE-4187-9962-0A4E54DA9329}"
EndProject
Global
	GlobalSection(SolutionConfigurationPlatforms) = preSolution
		Debug|Any CPU = Debug|Any CPU
		Release|Any CPU = Release|Any CPU
	EndGlobalSection
	GlobalSection(ProjectConfigurationPlatforms) = postSolution
		{14D2D164-2CFE-4187-9962-0A4E54DA9329}.Debug|Any CPU.ActiveCfg = Debug|Any CPU
		{14D2D164-2CFE-4187-9962-0A4E54DA9329}.Debug|Any CPU.Build.0 = Debug|Any CPU
		{14D2D164-2CFE-4187-9962-0A4E54DA9329}.Release|Any CPU.ActiveCfg = Release|Any CPU
		{14D2D164-2CFE-4187-9962-0A4E54DA9329}.Release|Any CPU.Build.0 = Release|Any CPU
	EndGlobalSection
	GlobalSection(SolutionProperties) = preSolution
		HideSolutionNode = FALSE
	EndGlobalSection
	GlobalSection(ExtensibilityGlobals) = postSolution
		SolutionGuid = {128E2593-4C0D-445D-BD85-A879BF30976A}
	EndGlobalSection
EndGlobal
